PODS:
  - Alamofire (4.4.0)
  - BMSAnalyticsAPI (2.2.1)
  - BMSCore (2.3.2):
    - BMSAnalyticsAPI (~> 2.2)
  - BMSPush (3.2.3):
    - BMSCore (~> 2.0)
  - FuntastyKit (0.1)

DEPENDENCIES:
  - Alamofire (~> 4.4)
  - BMSCore
  - BMSPush
  - FuntastyKit (from `https://github.com/thefuntasty/FuntastyKit.git`, tag `v0.5`)

EXTERNAL SOURCES:
  FuntastyKit:
    :git: https://github.com/thefuntasty/FuntastyKit.git
    :tag: v0.5

CHECKOUT OPTIONS:
  FuntastyKit:
    :git: https://github.com/thefuntasty/FuntastyKit.git
    :tag: v0.5

SPEC CHECKSUMS:
  Alamofire: dc44b1600b800eb63da6a19039a0083d62a6a62d
  BMSAnalyticsAPI: 2e07dee6452e3cdbdc5fd0ee7362b66a281e3963
  BMSCore: 30674d30566134125e9bee043ccbea652445ca92
  BMSPush: f45dfcd4d50a88146f0adc8728249dc5ea60ab63
  FuntastyKit: 3d31d71864492ffbe7a20688dc7e8f1f6f559f33

PODFILE CHECKSUM: 8f9d76f58166d39d858714d3187454be1e9e3816

COCOAPODS: 1.1.1
